{
  "version": 4,
  "terraform_version": "1.7.5",
  "serial": 5,
  "lineage": "fe6c4e6b-fbdc-2f20-0711-bd3face34523",
  "outputs": {},
  "resources": [
    {
      "module": "module.beanstalk",
      "mode": "managed",
      "type": "aws_elastic_beanstalk_application",
      "name": "beanstalk_application",
      "provider": "provider[\"registry.terraform.io/hashicorp/aws\"]",
      "instances": [
        {
          "schema_version": 0,
          "attributes": {
            "appversion_lifecycle": [],
            "arn": "arn:aws:elasticbeanstalk:eu-central-1:992382770210:application/lavagna",
            "description": "",
            "id": "lavagna",
            "name": "lavagna",
            "tags": {},
            "tags_all": {}
          },
          "sensitive_attributes": [],
          "private": "bnVsbA=="
        }
      ]
    },
    {
      "module": "module.beanstalk",
      "mode": "managed",
      "type": "aws_elastic_beanstalk_environment",
      "name": "beanstalk_environment",
      "provider": "provider[\"registry.terraform.io/hashicorp/aws\"]",
      "instances": [
        {
          "status": "tainted",
          "schema_version": 1,
          "attributes": {
            "all_settings": [],
            "application": "lavagna",
            "arn": null,
            "autoscaling_groups": null,
            "cname": null,
            "cname_prefix": null,
            "description": "Environment for Java8 application \"lavagna\"",
            "endpoint_url": null,
            "id": "e-p4rsaw22ac",
            "instances": null,
            "launch_configurations": null,
            "load_balancers": null,
            "name": "lavagna-environment",
            "platform_arn": null,
            "poll_interval": null,
            "queues": null,
            "setting": [],
            "solution_stack_name": "64bit Amazon Linux 2 v3.6.4 running Corretto 8",
            "tags": null,
            "tags_all": null,
            "template_name": null,
            "tier": "WebServer",
            "triggers": null,
            "version_label": null,
            "wait_for_ready_timeout": "20m"
          },
          "sensitive_attributes": [],
          "private": "eyJzY2hlbWFfdmVyc2lvbiI6IjEifQ==",
          "dependencies": [
            "module.beanstalk.aws_elastic_beanstalk_application.beanstalk_application"
          ]
        }
      ]
    }
  ],
  "check_results": null
}
